
Microsoft Visual Studio Solution File, Format Version 12.00
#
Project("{2150E333-8FDC-42A3-9474-1A3956D46DE8}") = "src", "src", "{6A2CC898-28BD-43E7-B79D-B7425F74C94F}"
EndProject
Project("{2150E333-8FDC-42A3-9474-1A3956D46DE8}") = "Application", "Application", "{C08F079E-AA14-4C1D-92C1-1A2D28B52349}"
EndProject
Project("{FAE04EC0-301F-11D3-BF4B-00C04F79EFBC}") = "Skeleton.Api", "src\Application\Skeleton.Api\Skeleton.Api.csproj", "{D377337E-A2D3-4755-9583-BA95E3E85718}"
EndProject
Project("{2150E333-8FDC-42A3-9474-1A3956D46DE8}") = "Domain", "Domain", "{2B56A82D-2B8E-4E16-A6DE-A85456E2CB98}"
EndProject
Project("{FAE04EC0-301F-11D3-BF4B-00C04F79EFBC}") = "Skeleton.Domain", "src\Domain\Skeleton.Domain\Skeleton.Domain.csproj", "{5BEBD31E-0450-4B41-8CAA-73A5C95B4B1F}"
EndProject
Project("{2150E333-8FDC-42A3-9474-1A3956D46DE8}") = "Infra", "Infra", "{ED0B4489-1A32-4EA8-B37A-48F24E7267B6}"
EndProject
Project("{FAE04EC0-301F-11D3-BF4B-00C04F79EFBC}") = "Skeleton.Internal", "src\Infra\Skeleton.Internal\Skeleton.Internal.csproj", "{9A322D4B-E070-436E-9957-927AA2DEEB01}"
EndProject
Global
	GlobalSection(SolutionConfigurationPlatforms) = preSolution
		Debug|Any CPU = Debug|Any CPU
		Release|Any CPU = Release|Any CPU
	EndGlobalSection
	GlobalSection(ProjectConfigurationPlatforms) = postSolution
		{D377337E-A2D3-4755-9583-BA95E3E85718}.Debug|Any CPU.ActiveCfg = Debug|Any CPU
		{D377337E-A2D3-4755-9583-BA95E3E85718}.Debug|Any CPU.Build.0 = Debug|Any CPU
		{D377337E-A2D3-4755-9583-BA95E3E85718}.Release|Any CPU.ActiveCfg = Release|Any CPU
		{D377337E-A2D3-4755-9583-BA95E3E85718}.Release|Any CPU.Build.0 = Release|Any CPU
		{5BEBD31E-0450-4B41-8CAA-73A5C95B4B1F}.Debug|Any CPU.ActiveCfg = Debug|Any CPU
		{5BEBD31E-0450-4B41-8CAA-73A5C95B4B1F}.Debug|Any CPU.Build.0 = Debug|Any CPU
		{5BEBD31E-0450-4B41-8CAA-73A5C95B4B1F}.Release|Any CPU.ActiveCfg = Release|Any CPU
		{5BEBD31E-0450-4B41-8CAA-73A5C95B4B1F}.Release|Any CPU.Build.0 = Release|Any CPU
		{9A322D4B-E070-436E-9957-927AA2DEEB01}.Debug|Any CPU.ActiveCfg = Debug|Any CPU
		{9A322D4B-E070-436E-9957-927AA2DEEB01}.Debug|Any CPU.Build.0 = Debug|Any CPU
		{9A322D4B-E070-436E-9957-927AA2DEEB01}.Release|Any CPU.ActiveCfg = Release|Any CPU
		{9A322D4B-E070-436E-9957-927AA2DEEB01}.Release|Any CPU.Build.0 = Release|Any CPU
	EndGlobalSection
	GlobalSection(NestedProjects) = preSolution
		{C08F079E-AA14-4C1D-92C1-1A2D28B52349} = {6A2CC898-28BD-43E7-B79D-B7425F74C94F}
		{D377337E-A2D3-4755-9583-BA95E3E85718} = {C08F079E-AA14-4C1D-92C1-1A2D28B52349}
		{2B56A82D-2B8E-4E16-A6DE-A85456E2CB98} = {6A2CC898-28BD-43E7-B79D-B7425F74C94F}
		{5BEBD31E-0450-4B41-8CAA-73A5C95B4B1F} = {2B56A82D-2B8E-4E16-A6DE-A85456E2CB98}
		{ED0B4489-1A32-4EA8-B37A-48F24E7267B6} = {6A2CC898-28BD-43E7-B79D-B7425F74C94F}
		{9A322D4B-E070-436E-9957-927AA2DEEB01} = {ED0B4489-1A32-4EA8-B37A-48F24E7267B6}
	EndGlobalSection
EndGlobal
